
Microsoft Visual Studio Solution File, Format Version 12.00
# Visual Studio Version 17
VisualStudioVersion = 17.14.36414.22 d17.14
MinimumVisualStudioVersion = 10.0.40219.1
Project("{FAE04EC0-301F-11D3-BF4B-00C04F79EFBC}") = "OnTapTMDT", "OnTapTMDT\OnTapTMDT.csproj", "{FDE0A600-39F5-4787-BD25-CA3D142BAA29}"
EndProject
Global
	GlobalSection(SolutionConfigurationPlatforms) = preSolution
		Debug|Any CPU = Debug|Any CPU
		Release|Any CPU = Release|Any CPU
	EndGlobalSection
	GlobalSection(ProjectConfigurationPlatforms) = postSolution
		{FDE0A600-39F5-4787-BD25-CA3D142BAA29}.Debug|Any CPU.ActiveCfg = Debug|Any CPU
		{FDE0A600-39F5-4787-BD25-CA3D142BAA29}.Debug|Any CPU.Build.0 = Debug|Any CPU
		{FDE0A600-39F5-4787-BD25-CA3D142BAA29}.Release|Any CPU.ActiveCfg = Release|Any CPU
		{FDE0A600-39F5-4787-BD25-CA3D142BAA29}.Release|Any CPU.Build.0 = Release|Any CPU
	EndGlobalSection
	GlobalSection(SolutionProperties) = preSolution
		HideSolutionNode = FALSE
	EndGlobalSection
	GlobalSection(ExtensibilityGlobals) = postSolution
		SolutionGuid = {E259ACA5-2AF4-4A93-A8CB-98C3C93A46A5}
	EndGlobalSection
EndGlobal
