
Microsoft Visual Studio Solution File, Format Version 12.00
# Visual Studio Version 17
VisualStudioVersion = 17.14.36301.6 d17.14
MinimumVisualStudioVersion = 10.0.40219.1
Project("{FAE04EC0-301F-11D3-BF4B-00C04F79EFBC}") = "TMDT22_9_2025", "TMDT22_9_2025\TMDT22_9_2025.csproj", "{0F4BFC44-0A6F-4570-B714-550F63118B64}"
EndProject
Global
	GlobalSection(SolutionConfigurationPlatforms) = preSolution
		Debug|Any CPU = Debug|Any CPU
		Release|Any CPU = Release|Any CPU
	EndGlobalSection
	GlobalSection(ProjectConfigurationPlatforms) = postSolution
		{0F4BFC44-0A6F-4570-B714-550F63118B64}.Debug|Any CPU.ActiveCfg = Debug|Any CPU
		{0F4BFC44-0A6F-4570-B714-550F63118B64}.Debug|Any CPU.Build.0 = Debug|Any CPU
		{0F4BFC44-0A6F-4570-B714-550F63118B64}.Release|Any CPU.ActiveCfg = Release|Any CPU
		{0F4BFC44-0A6F-4570-B714-550F63118B64}.Release|Any CPU.Build.0 = Release|Any CPU
	EndGlobalSection
	GlobalSection(SolutionProperties) = preSolution
		HideSolutionNode = FALSE
	EndGlobalSection
	GlobalSection(ExtensibilityGlobals) = postSolution
		SolutionGuid = {75F516F2-A41A-479E-99AA-AC56686AE6B7}
	EndGlobalSection
EndGlobal
